{
  "version": 4,
  "terraform_version": "1.6.4",
  "serial": 19,
  "lineage": "44c5a7c1-8a4f-e5ab-6ca2-63c90af75c11",
  "outputs": {},
  "resources": [
    {
      "mode": "managed",
      "type": "local_file",
      "name": "mypet",
      "provider": "provider[\"registry.terraform.io/hashicorp/local\"]",
      "instances": [
        {
          "schema_version": 0,
          "attributes": {
            "content": "i love pets",
            "content_base64": null,
            "content_base64sha256": "MosGGdd1+JiYF4ysx6GJenzof2jRKrkSPRV/oqnnaUY=",
            "content_base64sha512": "ew9wDoZ47WOyhSU2VZtKQs6GF8iJeW125t8oNbnNeySCBNgDzxPgaoSO8hihrWnN078rOk0wlTfbs416lYXcMA==",
            "content_md5": "85c1074c6f4e7a09d7fe0ec4bf55d15c",
            "content_sha1": "24899fdea020fed9c33448b53811e17d15bb4f25",
            "content_sha256": "328b0619d775f89898178cacc7a1897a7ce87f68d12ab9123d157fa2a9e76946",
            "content_sha512": "7b0f700e8678ed63b2852536559b4a42ce8617c889796d76e6df2835b9cd7b248204d803cf13e06a848ef218a1ad69cdd3bf2b3a4d309537dbb38d7a9585dc30",
            "directory_permission": "0777",
            "file_permission": "0777",
            "filename": "pet.txt",
            "id": "24899fdea020fed9c33448b53811e17d15bb4f25",
            "sensitive_content": null,
            "source": null
          },
          "sensitive_attributes": []
        }
      ]
    },
    {
      "mode": "managed",
      "type": "random_pet",
      "name": "petname",
      "provider": "provider[\"registry.terraform.io/hashicorp/random\"]",
      "instances": [
        {
          "schema_version": 0,
          "attributes": {
            "id": "Ms.manatee",
            "keepers": null,
            "length": 1,
            "prefix": "Ms",
            "separator": "."
          },
          "sensitive_attributes": []
        }
      ]
    }
  ],
  "check_results": null
}
